
Microsoft Visual Studio Solution File, Format Version 12.00
# Visual Studio Version 17
VisualStudioVersion = 17.7.34024.191
MinimumVisualStudioVersion = 10.0.40219.1
Project("{FAE04EC0-301F-11D3-BF4B-00C04F79EFBC}") = "SpaceTravellast", "SpaceTravellast\SpaceTravellast.csproj", "{BBBDD236-C6D3-4A9F-8C8A-230E948BEEE9}"
EndProject
Global
	GlobalSection(SolutionConfigurationPlatforms) = preSolution
		Debug|Any CPU = Debug|Any CPU
		Release|Any CPU = Release|Any CPU
	EndGlobalSection
	GlobalSection(ProjectConfigurationPlatforms) = postSolution
		{BBBDD236-C6D3-4A9F-8C8A-230E948BEEE9}.Debug|Any CPU.ActiveCfg = Debug|Any CPU
		{BBBDD236-C6D3-4A9F-8C8A-230E948BEEE9}.Debug|Any CPU.Build.0 = Debug|Any CPU
		{BBBDD236-C6D3-4A9F-8C8A-230E948BEEE9}.Release|Any CPU.ActiveCfg = Release|Any CPU
		{BBBDD236-C6D3-4A9F-8C8A-230E948BEEE9}.Release|Any CPU.Build.0 = Release|Any CPU
	EndGlobalSection
	GlobalSection(SolutionProperties) = preSolution
		HideSolutionNode = FALSE
	EndGlobalSection
	GlobalSection(ExtensibilityGlobals) = postSolution
		SolutionGuid = {36DA65C5-891F-4143-B5F5-D49882641CE5}
	EndGlobalSection
EndGlobal
